// !$*UTF8*$!
{
	archiveVersion = 1;
	classes = {
	};
	objectVersion = 50;
	objects = {

/* Begin PBXBuildFile section */
		360EAECA2305D5AB00749525 /* AppDelegate.swift in Sources */ = {isa = PBXBuildFile; fileRef = 360EAEC92305D5AB00749525 /* AppDelegate.swift */; };
		360EAECC2305D5AB00749525 /* ViewController.swift in Sources */ = {isa = PBXBuildFile; fileRef = 360EAECB2305D5AB00749525 /* ViewController.swift */; };
		360EAECF2305D5AB00749525 /* Main.storyboard in Resources */ = {isa = PBXBuildFile; fileRef = 360EAECD2305D5AB00749525 /* Main.storyboard */; };
		360EAED12305D5AD00749525 /* Assets.xcassets in Resources */ = {isa = PBXBuildFile; fileRef = 360EAED02305D5AD00749525 /* Assets.xcassets */; };
		360EAED42305D5AD00749525 /* LaunchScreen.storyboard in Resources */ = {isa = PBXBuildFile; fileRef = 360EAED22305D5AD00749525 /* LaunchScreen.storyboard */; };
		360EAED92305D5AD00749525 /* CoreMotionTest WatchKit App.app in Embed Watch Content */ = {isa = PBXBuildFile; fileRef = 360EAED82305D5AD00749525 /* CoreMotionTest WatchKit App.app */; };
		360EAEDF2305D5AD00749525 /* Interface.storyboard in Resources */ = {isa = PBXBuildFile; fileRef = 360EAEDD2305D5AD00749525 /* Interface.storyboard */; };
		360EAEE12305D5AD00749525 /* Assets.xcassets in Resources */ = {isa = PBXBuildFile; fileRef = 360EAEE02305D5AD00749525 /* Assets.xcassets */; };
		360EAEE82305D5AD00749525 /* CoreMotionTest WatchKit Extension.appex in Embed App Extensions */ = {isa = PBXBuildFile; fileRef = 360EAEE72305D5AD00749525 /* CoreMotionTest WatchKit Extension.appex */; settings = {ATTRIBUTES = (RemoveHeadersOnCopy, ); }; };
		360EAEED2305D5AD00749525 /* InterfaceController.swift in Sources */ = {isa = PBXBuildFile; fileRef = 360EAEEC2305D5AD00749525 /* InterfaceController.swift */; };
		360EAEEF2305D5AD00749525 /* ExtensionDelegate.swift in Sources */ = {isa = PBXBuildFile; fileRef = 360EAEEE2305D5AD00749525 /* ExtensionDelegate.swift */; };
		360EAEF12305D5AE00749525 /* Assets.xcassets in Resources */ = {isa = PBXBuildFile; fileRef = 360EAEF02305D5AE00749525 /* Assets.xcassets */; };
		360EAF012305DE7B00749525 /* Draw.swift in Sources */ = {isa = PBXBuildFile; fileRef = 360EAF002305DE7B00749525 /* Draw.swift */; };
/* End PBXBuildFile section */

/* Begin PBXContainerItemProxy section */
		360EAEDA2305D5AD00749525 /* PBXContainerItemProxy */ = {
			isa = PBXContainerItemProxy;
			containerPortal = 360EAEBE2305D5AB00749525 /* Project object */;
			proxyType = 1;
			remoteGlobalIDString = 360EAED72305D5AD00749525;
			remoteInfo = "CoreMotionTest WatchKit App";
		};
		360EAEE92305D5AD00749525 /* PBXContainerItemProxy */ = {
			isa = PBXContainerItemProxy;
			containerPortal = 360EAEBE2305D5AB00749525 /* Project object */;
			proxyType = 1;
			remoteGlobalIDString = 360EAEE62305D5AD00749525;
			remoteInfo = "CoreMotionTest WatchKit Extension";
		};
/* End PBXContainerItemProxy section */

/* Begin PBXCopyFilesBuildPhase section */
		360EAEF82305D5AE00749525 /* Embed App Extensions */ = {
			isa = PBXCopyFilesBuildPhase;
			buildActionMask = 2147483647;
			dstPath = "";
			dstSubfolderSpec = 13;
			files = (
				360EAEE82305D5AD00749525 /* CoreMotionTest WatchKit Extension.appex in Embed App Extensions */,
			);
			name = "Embed App Extensions";
			runOnlyForDeploymentPostprocessing = 0;
		};
		360EAEFC2305D5AE00749525 /* Embed Watch Content */ = {
			isa = PBXCopyFilesBuildPhase;
			buildActionMask = 2147483647;
			dstPath = "$(CONTENTS_FOLDER_PATH)/Watch";
			dstSubfolderSpec = 16;
			files = (
				360EAED92305D5AD00749525 /* CoreMotionTest WatchKit App.app in Embed Watch Content */,
			);
			name = "Embed Watch Content";
			runOnlyForDeploymentPostprocessing = 0;
		};
/* End PBXCopyFilesBuildPhase section */

/* Begin PBXFileReference section */
		360EAEC62305D5AB00749525 /* CoreMotionTest.app */ = {isa = PBXFileReference; explicitFileType = wrapper.application; includeInIndex = 0; path = CoreMotionTest.app; sourceTree = BUILT_PRODUCTS_DIR; };
		360EAEC92305D5AB00749525 /* AppDelegate.swift */ = {isa = PBXFileReference; lastKnownFileType = sourcecode.swift; path = AppDelegate.swift; sourceTree = "<group>"; };
		360EAECB2305D5AB00749525 /* ViewController.swift */ = {isa = PBXFileReference; lastKnownFileType = sourcecode.swift; path = ViewController.swift; sourceTree = "<group>"; };
		360EAECE2305D5AB00749525 /* Base */ = {isa = PBXFileReference; lastKnownFileType = file.storyboard; name = Base; path = Base.lproj/Main.storyboard; sourceTree = "<group>"; };
		360EAED02305D5AD00749525 /* Assets.xcassets */ = {isa = PBXFileReference; lastKnownFileType = folder.assetcatalog; path = Assets.xcassets; sourceTree = "<group>"; };
		360EAED32305D5AD00749525 /* Base */ = {isa = PBXFileReference; lastKnownFileType = file.storyboard; name = Base; path = Base.lproj/LaunchScreen.storyboard; sourceTree = "<group>"; };
		360EAED52305D5AD00749525 /* Info.plist */ = {isa = PBXFileReference; lastKnownFileType = text.plist.xml; path = Info.plist; sourceTree = "<group>"; };
		360EAED82305D5AD00749525 /* CoreMotionTest WatchKit App.app */ = {isa = PBXFileReference; explicitFileType = wrapper.application; includeInIndex = 0; path = "CoreMotionTest WatchKit App.app"; sourceTree = BUILT_PRODUCTS_DIR; };
		360EAEDE2305D5AD00749525 /* Base */ = {isa = PBXFileReference; lastKnownFileType = file.storyboard; name = Base; path = Base.lproj/Interface.storyboard; sourceTree = "<group>"; };
		360EAEE02305D5AD00749525 /* Assets.xcassets */ = {isa = PBXFileReference; lastKnownFileType = folder.assetcatalog; path = Assets.xcassets; sourceTree = "<group>"; };
		360EAEE22305D5AD00749525 /* Info.plist */ = {isa = PBXFileReference; lastKnownFileType = text.plist.xml; path = Info.plist; sourceTree = "<group>"; };
		360EAEE72305D5AD00749525 /* CoreMotionTest WatchKit Extension.appex */ = {isa = PBXFileReference; explicitFileType = "wrapper.app-extension"; includeInIndex = 0; path = "CoreMotionTest WatchKit Extension.appex"; sourceTree = BUILT_PRODUCTS_DIR; };
		360EAEEC2305D5AD00749525 /* InterfaceController.swift */ = {isa = PBXFileReference; lastKnownFileType = sourcecode.swift; path = InterfaceController.swift; sourceTree = "<group>"; };
		360EAEEE2305D5AD00749525 /* ExtensionDelegate.swift */ = {isa = PBXFileReference; lastKnownFileType = sourcecode.swift; path = ExtensionDelegate.swift; sourceTree = "<group>"; };
		360EAEF02305D5AE00749525 /* Assets.xcassets */ = {isa = PBXFileReference; lastKnownFileType = folder.assetcatalog; path = Assets.xcassets; sourceTree = "<group>"; };
		360EAEF22305D5AE00749525 /* Info.plist */ = {isa = PBXFileReference; lastKnownFileType = text.plist.xml; path = Info.plist; sourceTree = "<group>"; };
		360EAF002305DE7B00749525 /* Draw.swift */ = {isa = PBXFileReference; lastKnownFileType = sourcecode.swift; path = Draw.swift; sourceTree = "<group>"; };
/* End PBXFileReference section */

/* Begin PBXFrameworksBuildPhase section */
		360EAEC32305D5AB00749525 /* Frameworks */ = {
			isa = PBXFrameworksBuildPhase;
			buildActionMask = 2147483647;
			files = (
			);
			runOnlyForDeploymentPostprocessing = 0;
		};
		360EAEE42305D5AD00749525 /* Frameworks */ = {
			isa = PBXFrameworksBuildPhase;
			buildActionMask = 2147483647;
			files = (
			);
			runOnlyForDeploymentPostprocessing = 0;
		};
/* End PBXFrameworksBuildPhase section */

/* Begin PBXGroup section */
		360EAEBD2305D5AB00749525 = {
			isa = PBXGroup;
			children = (
				360EAEC82305D5AB00749525 /* CoreMotionTest */,
				360EAEDC2305D5AD00749525 /* CoreMotionTest WatchKit App */,
				360EAEEB2305D5AD00749525 /* CoreMotionTest WatchKit Extension */,
				360EAEC72305D5AB00749525 /* Products */,
			);
			sourceTree = "<group>";
		};
		360EAEC72305D5AB00749525 /* Products */ = {
			isa = PBXGroup;
			children = (
				360EAEC62305D5AB00749525 /* CoreMotionTest.app */,
				360EAED82305D5AD00749525 /* CoreMotionTest WatchKit App.app */,
				360EAEE72305D5AD00749525 /* CoreMotionTest WatchKit Extension.appex */,
			);
			name = Products;
			sourceTree = "<group>";
		};
		360EAEC82305D5AB00749525 /* CoreMotionTest */ = {
			isa = PBXGroup;
			children = (
				360EAEC92305D5AB00749525 /* AppDelegate.swift */,
				360EAECB2305D5AB00749525 /* ViewController.swift */,
				360EAF002305DE7B00749525 /* Draw.swift */,
				360EAECD2305D5AB00749525 /* Main.storyboard */,
				360EAED02305D5AD00749525 /* Assets.xcassets */,
				360EAED22305D5AD00749525 /* LaunchScreen.storyboard */,
				360EAED52305D5AD00749525 /* Info.plist */,
			);
			path = CoreMotionTest;
			sourceTree = "<group>";
		};
		360EAEDC2305D5AD00749525 /* CoreMotionTest WatchKit App */ = {
			isa = PBXGroup;
			children = (
				360EAEDD2305D5AD00749525 /* Interface.storyboard */,
				360EAEE02305D5AD00749525 /* Assets.xcassets */,
				360EAEE22305D5AD00749525 /* Info.plist */,
			);
			path = "CoreMotionTest WatchKit App";
			sourceTree = "<group>";
		};
		360EAEEB2305D5AD00749525 /* CoreMotionTest WatchKit Extension */ = {
			isa = PBXGroup;
			children = (
				360EAEEC2305D5AD00749525 /* InterfaceController.swift */,
				360EAEEE2305D5AD00749525 /* ExtensionDelegate.swift */,
				360EAEF02305D5AE00749525 /* Assets.xcassets */,
				360EAEF22305D5AE00749525 /* Info.plist */,
			);
			path = "CoreMotionTest WatchKit Extension";
			sourceTree = "<group>";
		};
/* End PBXGroup section */

/* Begin PBXNativeTarget section */
		360EAEC52305D5AB00749525 /* CoreMotionTest */ = {
			isa = PBXNativeTarget;
			buildConfigurationList = 360EAEFD2305D5AE00749525 /* Build configuration list for PBXNativeTarget "CoreMotionTest" */;
			buildPhases = (
				360EAEC22305D5AB00749525 /* Sources */,
				360EAEC32305D5AB00749525 /* Frameworks */,
				360EAEC42305D5AB00749525 /* Resources */,
				360EAEFC2305D5AE00749525 /* Embed Watch Content */,
			);
			buildRules = (
			);
			dependencies = (
				360EAEDB2305D5AD00749525 /* PBXTargetDependency */,
			);
			name = CoreMotionTest;
			productName = CoreMotionTest;
			productReference = 360EAEC62305D5AB00749525 /* CoreMotionTest.app */;
			productType = "com.apple.product-type.application";
		};
		360EAED72305D5AD00749525 /* CoreMotionTest WatchKit App */ = {
			isa = PBXNativeTarget;
			buildConfigurationList = 360EAEF92305D5AE00749525 /* Build configuration list for PBXNativeTarget "CoreMotionTest WatchKit App" */;
			buildPhases = (
				360EAED62305D5AD00749525 /* Resources */,
				360EAEF82305D5AE00749525 /* Embed App Extensions */,
			);
			buildRules = (
			);
			dependencies = (
				360EAEEA2305D5AD00749525 /* PBXTargetDependency */,
			);
			name = "CoreMotionTest WatchKit App";
			productName = "CoreMotionTest WatchKit App";
			productReference = 360EAED82305D5AD00749525 /* CoreMotionTest WatchKit App.app */;
			productType = "com.apple.product-type.application.watchapp2";
		};
		360EAEE62305D5AD00749525 /* CoreMotionTest WatchKit Extension */ = {
			isa = PBXNativeTarget;
			buildConfigurationList = 360EAEF52305D5AE00749525 /* Build configuration list for PBXNativeTarget "CoreMotionTest WatchKit Extension" */;
			buildPhases = (
				360EAEE32305D5AD00749525 /* Sources */,
				360EAEE42305D5AD00749525 /* Frameworks */,
				360EAEE52305D5AD00749525 /* Resources */,
			);
			buildRules = (
			);
			dependencies = (
			);
			name = "CoreMotionTest WatchKit Extension";
			productName = "CoreMotionTest WatchKit Extension";
			productReference = 360EAEE72305D5AD00749525 /* CoreMotionTest WatchKit Extension.appex */;
			productType = "com.apple.product-type.watchkit2-extension";
		};
/* End PBXNativeTarget section */

/* Begin PBXProject section */
		360EAEBE2305D5AB00749525 /* Project object */ = {
			isa = PBXProject;
			attributes = {
				LastSwiftUpdateCheck = 1030;
				LastUpgradeCheck = 1030;
				ORGANIZATIONNAME = "Prashuk Ajmera";
				TargetAttributes = {
					360EAEC52305D5AB00749525 = {
						CreatedOnToolsVersion = 10.3;
					};
					360EAED72305D5AD00749525 = {
						CreatedOnToolsVersion = 10.3;
					};
					360EAEE62305D5AD00749525 = {
						CreatedOnToolsVersion = 10.3;
					};
				};
			};
			buildConfigurationList = 360EAEC12305D5AB00749525 /* Build configuration list for PBXProject "CoreMotionTest" */;
			compatibilityVersion = "Xcode 9.3";
			developmentRegion = en;
			hasScannedForEncodings = 0;
			knownRegions = (
				en,
				Base,
			);
			mainGroup = 360EAEBD2305D5AB00749525;
			productRefGroup = 360EAEC72305D5AB00749525 /* Products */;
			projectDirPath = "";
			projectRoot = "";
			targets = (
				360EAEC52305D5AB00749525 /* CoreMotionTest */,
				360EAED72305D5AD00749525 /* CoreMotionTest WatchKit App */,
				360EAEE62305D5AD00749525 /* CoreMotionTest WatchKit Extension */,
			);
		};
/* End PBXProject section */

/* Begin PBXResourcesBuildPhase section */
		360EAEC42305D5AB00749525 /* Resources */ = {
			isa = PBXResourcesBuildPhase;
			buildActionMask = 2147483647;
			files = (
				360EAED42305D5AD00749525 /* LaunchScreen.storyboard in Resources */,
				360EAED12305D5AD00749525 /* Assets.xcassets in Resources */,
				360EAECF2305D5AB00749525 /* Main.storyboard in Resources */,
			);
			runOnlyForDeploymentPostprocessing = 0;
		};
		360EAED62305D5AD00749525 /* Resources */ = {
			isa = PBXResourcesBuildPhase;
			buildActionMask = 2147483647;
			files = (
				360EAEE12305D5AD00749525 /* Assets.xcassets in Resources */,
				360EAEDF2305D5AD00749525 /* Interface.storyboard in Resources */,
			);
			runOnlyForDeploymentPostprocessing = 0;
		};
		360EAEE52305D5AD00749525 /* Resources */ = {
			isa = PBXResourcesBuildPhase;
			buildActionMask = 2147483647;
			files = (
				360EAEF12305D5AE00749525 /* Assets.xcassets in Resources */,
			);
			runOnlyForDeploymentPostprocessing = 0;
		};
/* End PBXResourcesBuildPhase section */

/* Begin PBXSourcesBuildPhase section */
		360EAEC22305D5AB00749525 /* Sources */ = {
			isa = PBXSourcesBuildPhase;
			buildActionMask = 2147483647;
			files = (
				360EAF012305DE7B00749525 /* Draw.swift in Sources */,
				360EAECC2305D5AB00749525 /* ViewController.swift in Sources */,
				360EAECA2305D5AB00749525 /* AppDelegate.swift in Sources */,
			);
			runOnlyForDeploymentPostprocessing = 0;
		};
		360EAEE32305D5AD00749525 /* Sources */ = {
			isa = PBXSourcesBuildPhase;
			buildActionMask = 2147483647;
			files = (
				360EAEEF2305D5AD00749525 /* ExtensionDelegate.swift in Sources */,
				360EAEED2305D5AD00749525 /* InterfaceController.swift in Sources */,
			);
			runOnlyForDeploymentPostprocessing = 0;
		};
/* End PBXSourcesBuildPhase section */

/* Begin PBXTargetDependency section */
		360EAEDB2305D5AD00749525 /* PBXTargetDependency */ = {
			isa = PBXTargetDependency;
			target = 360EAED72305D5AD00749525 /* CoreMotionTest WatchKit App */;
			targetProxy = 360EAEDA2305D5AD00749525 /* PBXContainerItemProxy */;
		};
		360EAEEA2305D5AD00749525 /* PBXTargetDependency */ = {
			isa = PBXTargetDependency;
			target = 360EAEE62305D5AD00749525 /* CoreMotionTest WatchKit Extension */;
			targetProxy = 360EAEE92305D5AD00749525 /* PBXContainerItemProxy */;
		};
/* End PBXTargetDependency section */

/* Begin PBXVariantGroup section */
		360EAECD2305D5AB00749525 /* Main.storyboard */ = {
			isa = PBXVariantGroup;
			children = (
				360EAECE2305D5AB00749525 /* Base */,
			);
			name = Main.storyboard;
			sourceTree = "<group>";
		};
		360EAED22305D5AD00749525 /* LaunchScreen.storyboard */ = {
			isa = PBXVariantGroup;
			children = (
				360EAED32305D5AD00749525 /* Base */,
			);
			name = LaunchScreen.storyboard;
			sourceTree = "<group>";
		};
		360EAEDD2305D5AD00749525 /* Interface.storyboard */ = {
			isa = PBXVariantGroup;
			children = (
				360EAEDE2305D5AD00749525 /* Base */,
			);
			name = Interface.storyboard;
			sourceTree = "<group>";
		};
/* End PBXVariantGroup section */

/* Begin XCBuildConfiguration section */
		360EAEF32305D5AE00749525 /* Debug */ = {
			isa = XCBuildConfiguration;
			buildSettings = {
				ALWAYS_SEARCH_USER_PATHS = NO;
				CLANG_ANALYZER_NONNULL = YES;
				CLANG_ANALYZER_NUMBER_OBJECT_CONVERSION = YES_AGGRESSIVE;
				CLANG_CXX_LANGUAGE_STANDARD = "gnu++14";
				CLANG_CXX_LIBRARY = "libc++";
				CLANG_ENABLE_MODULES = YES;
				CLANG_ENABLE_OBJC_ARC = YES;
				CLANG_ENABLE_OBJC_WEAK = YES;
				CLANG_WARN_BLOCK_CAPTURE_AUTORELEASING = YES;
				CLANG_WARN_BOOL_CONVERSION = YES;
				CLANG_WARN_COMMA = YES;
				CLANG_WARN_CONSTANT_CONVERSION = YES;
				CLANG_WARN_DEPRECATED_OBJC_IMPLEMENTATIONS = YES;
				CLANG_WARN_DIRECT_OBJC_ISA_USAGE = YES_ERROR;
				CLANG_WARN_DOCUMENTATION_COMMENTS = YES;
				CLANG_WARN_EMPTY_BODY = YES;
				CLANG_WARN_ENUM_CONVERSION = YES;
				CLANG_WARN_INFINITE_RECURSION = YES;
				CLANG_WARN_INT_CONVERSION = YES;
				CLANG_WARN_NON_LITERAL_NULL_CONVERSION = YES;
				CLANG_WARN_OBJC_IMPLICIT_RETAIN_SELF = YES;
				CLANG_WARN_OBJC_LITERAL_CONVERSION = YES;
				CLANG_WARN_OBJC_ROOT_CLASS = YES_ERROR;
				CLANG_WARN_RANGE_LOOP_ANALYSIS = YES;
				CLANG_WARN_STRICT_PROTOTYPES = YES;
				CLANG_WARN_SUSPICIOUS_MOVE = YES;
				CLANG_WARN_UNGUARDED_AVAILABILITY = YES_AGGRESSIVE;
				CLANG_WARN_UNREACHABLE_CODE = YES;
				CLANG_WARN__DUPLICATE_METHOD_MATCH = YES;
				CODE_SIGN_IDENTITY = "iPhone Developer";
				COPY_PHASE_STRIP = NO;
				DEBUG_INFORMATION_FORMAT = dwarf;
				ENABLE_STRICT_OBJC_MSGSEND = YES;
				ENABLE_TESTABILITY = YES;
				GCC_C_LANGUAGE_STANDARD = gnu11;
				GCC_DYNAMIC_NO_PIC = NO;
				GCC_NO_COMMON_BLOCKS = YES;
				GCC_OPTIMIZATION_LEVEL = 0;
				GCC_PREPROCESSOR_DEFINITIONS = (
					"DEBUG=1",
					"$(inherited)",
				);
				GCC_WARN_64_TO_32_BIT_CONVERSION = YES;
				GCC_WARN_ABOUT_RETURN_TYPE = YES_ERROR;
				GCC_WARN_UNDECLARED_SELECTOR = YES;
				GCC_WARN_UNINITIALIZED_AUTOS = YES_AGGRESSIVE;
				GCC_WARN_UNUSED_FUNCTION = YES;
				GCC_WARN_UNUSED_VARIABLE = YES;
				IPHONEOS_DEPLOYMENT_TARGET = 12.4;
				MTL_ENABLE_DEBUG_INFO = INCLUDE_SOURCE;
				MTL_FAST_MATH = YES;
				ONLY_ACTIVE_ARCH = YES;
				SDKROOT = iphoneos;
				SWIFT_ACTIVE_COMPILATION_CONDITIONS = DEBUG;
				SWIFT_OPTIMIZATION_LEVEL = "-Onone";
			};
			name = Debug;
		};
		360EAEF42305D5AE00749525 /* Release */ = {
			isa = XCBuildConfiguration;
			buildSettings = {
				ALWAYS_SEARCH_USER_PATHS = NO;
				CLANG_ANALYZER_NONNULL = YES;
				CLANG_ANALYZER_NUMBER_OBJECT_CONVERSION = YES_AGGRESSIVE;
				CLANG_CXX_LANGUAGE_STANDARD = "gnu++14";
				CLANG_CXX_LIBRARY = "libc++";
				CLANG_ENABLE_MODULES = YES;
				CLANG_ENABLE_OBJC_ARC = YES;
				CLANG_ENABLE_OBJC_WEAK = YES;
				CLANG_WARN_BLOCK_CAPTURE_AUTORELEASING = YES;
				CLANG_WARN_BOOL_CONVERSION = YES;
				CLANG_WARN_COMMA = YES;
				CLANG_WARN_CONSTANT_CONVERSION = YES;
				CLANG_WARN_DEPRECATED_OBJC_IMPLEMENTATIONS = YES;
				CLANG_WARN_DIRECT_OBJC_ISA_USAGE = YES_ERROR;
				CLANG_WARN_DOCUMENTATION_COMMENTS = YES;
				CLANG_WARN_EMPTY_BODY = YES;
				CLANG_WARN_ENUM_CONVERSION = YES;
				CLANG_WARN_INFINITE_RECURSION = YES;
				CLANG_WARN_INT_CONVERSION = YES;
				CLANG_WARN_NON_LITERAL_NULL_CONVERSION = YES;
				CLANG_WARN_OBJC_IMPLICIT_RETAIN_SELF = YES;
				CLANG_WARN_OBJC_LITERAL_CONVERSION = YES;
				CLANG_WARN_OBJC_ROOT_CLASS = YES_ERROR;
				CLANG_WARN_RANGE_LOOP_ANALYSIS = YES;
				CLANG_WARN_STRICT_PROTOTYPES = YES;
				CLANG_WARN_SUSPICIOUS_MOVE = YES;
				CLANG_WARN_UNGUARDED_AVAILABILITY = YES_AGGRESSIVE;
				CLANG_WARN_UNREACHABLE_CODE = YES;
				CLANG_WARN__DUPLICATE_METHOD_MATCH = YES;
				CODE_SIGN_IDENTITY = "iPhone Developer";
				COPY_PHASE_STRIP = NO;
				DEBUG_INFORMATION_FORMAT = "dwarf-with-dsym";
				ENABLE_NS_ASSERTIONS = NO;
				ENABLE_STRICT_OBJC_MSGSEND = YES;
				GCC_C_LANGUAGE_STANDARD = gnu11;
				GCC_NO_COMMON_BLOCKS = YES;
				GCC_WARN_64_TO_32_BIT_CONVERSION = YES;
				GCC_WARN_ABOUT_RETURN_TYPE = YES_ERROR;
				GCC_WARN_UNDECLARED_SELECTOR = YES;
				GCC_WARN_UNINITIALIZED_AUTOS = YES_AGGRESSIVE;
				GCC_WARN_UNUSED_FUNCTION = YES;
				GCC_WARN_UNUSED_VARIABLE = YES;
				IPHONEOS_DEPLOYMENT_TARGET = 12.4;
				MTL_ENABLE_DEBUG_INFO = NO;
				MTL_FAST_MATH = YES;
				SDKROOT = iphoneos;
				SWIFT_COMPILATION_MODE = wholemodule;
				SWIFT_OPTIMIZATION_LEVEL = "-O";
				VALIDATE_PRODUCT = YES;
			};
			name = Release;
		};
		360EAEF62305D5AE00749525 /* Debug */ = {
			isa = XCBuildConfiguration;
			buildSettings = {
				ASSETCATALOG_COMPILER_COMPLICATION_NAME = Complication;
				CODE_SIGN_STYLE = Automatic;
				DEVELOPMENT_TEAM = LZF27DQ562;
				INFOPLIST_FILE = "CoreMotionTest WatchKit Extension/Info.plist";
				LD_RUNPATH_SEARCH_PATHS = (
					"$(inherited)",
					"@executable_path/Frameworks",
					"@executable_path/../../Frameworks",
				);
				PRODUCT_BUNDLE_IDENTIFIER = com.bose.CoreMotionTest.watchkitapp.watchkitextension;
				PRODUCT_NAME = "${TARGET_NAME}";
				SDKROOT = watchos;
				SKIP_INSTALL = NO;
				SWIFT_VERSION = 5.0;
				TARGETED_DEVICE_FAMILY = 4;
				WATCHOS_DEPLOYMENT_TARGET = 5.3;
			};
			name = Debug;
		};
		360EAEF72305D5AE00749525 /* Release */ = {
			isa = XCBuildConfiguration;
			buildSettings = {
				ASSETCATALOG_COMPILER_COMPLICATION_NAME = Complication;
				CODE_SIGN_STYLE = Automatic;
				DEVELOPMENT_TEAM = LZF27DQ562;
				INFOPLIST_FILE = "CoreMotionTest WatchKit Extension/Info.plist";
				LD_RUNPATH_SEARCH_PATHS = (
					"$(inherited)",
					"@executable_path/Frameworks",
					"@executable_path/../../Frameworks",
				);
				PRODUCT_BUNDLE_IDENTIFIER = com.bose.CoreMotionTest.watchkitapp.watchkitextension;
				PRODUCT_NAME = "${TARGET_NAME}";
				SDKROOT = watchos;
				SKIP_INSTALL = NO;
				SWIFT_VERSION = 5.0;
				TARGETED_DEVICE_FAMILY = 4;
				WATCHOS_DEPLOYMENT_TARGET = 5.3;
			};
			name = Release;
		};
		360EAEFA2305D5AE00749525 /* Debug */ = {
			isa = XCBuildConfiguration;
			buildSettings = {
				ALWAYS_EMBED_SWIFT_STANDARD_LIBRARIES = YES;
				ASSETCATALOG_COMPILER_APPICON_NAME = AppIcon;
				CODE_SIGN_STYLE = Automatic;
				DEVELOPMENT_TEAM = LZF27DQ562;
				IBSC_MODULE = CoreMotionTest_WatchKit_Extension;
				INFOPLIST_FILE = "CoreMotionTest WatchKit App/Info.plist";
				PRODUCT_BUNDLE_IDENTIFIER = com.bose.CoreMotionTest.watchkitapp;
				PRODUCT_NAME = "$(TARGET_NAME)";
				SDKROOT = watchos;
				SKIP_INSTALL = NO;
				SWIFT_VERSION = 5.0;
				TARGETED_DEVICE_FAMILY = 4;
				WATCHOS_DEPLOYMENT_TARGET = 5.3;
			};
			name = Debug;
		};
		360EAEFB2305D5AE00749525 /* Release */ = {
			isa = XCBuildConfiguration;
			buildSettings = {
				ALWAYS_EMBED_SWIFT_STANDARD_LIBRARIES = YES;
				ASSETCATALOG_COMPILER_APPICON_NAME = AppIcon;
				CODE_SIGN_STYLE = Automatic;
				DEVELOPMENT_TEAM = LZF27DQ562;
				IBSC_MODULE = CoreMotionTest_WatchKit_Extension;
				INFOPLIST_FILE = "CoreMotionTest WatchKit App/Info.plist";
				PRODUCT_BUNDLE_IDENTIFIER = com.bose.CoreMotionTest.watchkitapp;
				PRODUCT_NAME = "$(TARGET_NAME)";
				SDKROOT = watchos;
				SKIP_INSTALL = NO;
				SWIFT_VERSION = 5.0;
				TARGETED_DEVICE_FAMILY = 4;
				WATCHOS_DEPLOYMENT_TARGET = 5.3;
			};
			name = Release;
		};
		360EAEFE2305D5AE00749525 /* Debug */ = {
			isa = XCBuildConfiguration;
			buildSettings = {
				ASSETCATALOG_COMPILER_APPICON_NAME = AppIcon;
				CODE_SIGN_STYLE = Automatic;
				DEVELOPMENT_TEAM = LZF27DQ562;
				INFOPLIST_FILE = CoreMotionTest/Info.plist;
				LD_RUNPATH_SEARCH_PATHS = (
					"$(inherited)",
					"@executable_path/Frameworks",
				);
				PRODUCT_BUNDLE_IDENTIFIER = com.bose.CoreMotionTest;
				PRODUCT_NAME = "$(TARGET_NAME)";
				SWIFT_VERSION = 5.0;
				TARGETED_DEVICE_FAMILY = "1,2";
			};
			name = Debug;
		};
		360EAEFF2305D5AE00749525 /* Release */ = {
			isa = XCBuildConfiguration;
			buildSettings = {
				ASSETCATALOG_COMPILER_APPICON_NAME = AppIcon;
				CODE_SIGN_STYLE = Automatic;
				DEVELOPMENT_TEAM = LZF27DQ562;
				INFOPLIST_FILE = CoreMotionTest/Info.plist;
				LD_RUNPATH_SEARCH_PATHS = (
					"$(inherited)",
					"@executable_path/Frameworks",
				);
				PRODUCT_BUNDLE_IDENTIFIER = com.bose.CoreMotionTest;
				PRODUCT_NAME = "$(TARGET_NAME)";
				SWIFT_VERSION = 5.0;
				TARGETED_DEVICE_FAMILY = "1,2";
			};
			name = Release;
		};
/* End XCBuildConfiguration section */

/* Begin XCConfigurationList section */
		360EAEC12305D5AB00749525 /* Build configuration list for PBXProject "CoreMotionTest" */ = {
			isa = XCConfigurationList;
			buildConfigurations = (
				360EAEF32305D5AE00749525 /* Debug */,
				360EAEF42305D5AE00749525 /* Release */,
			);
			defaultConfigurationIsVisible = 0;
			defaultConfigurationName = Release;
		};
		360EAEF52305D5AE00749525 /* Build configuration list for PBXNativeTarget "CoreMotionTest WatchKit Extension" */ = {
			isa = XCConfigurationList;
			buildConfigurations = (
				360EAEF62305D5AE00749525 /* Debug */,
				360EAEF72305D5AE00749525 /* Release */,
			);
			defaultConfigurationIsVisible = 0;
			defaultConfigurationName = Release;
		};
		360EAEF92305D5AE00749525 /* Build configuration list for PBXNativeTarget "CoreMotionTest WatchKit App" */ = {
			isa = XCConfigurationList;
			buildConfigurations = (
				360EAEFA2305D5AE00749525 /* Debug */,
				360EAEFB2305D5AE00749525 /* Release */,
			);
			defaultConfigurationIsVisible = 0;
			defaultConfigurationName = Release;
		};
		360EAEFD2305D5AE00749525 /* Build configuration list for PBXNativeTarget "CoreMotionTest" */ = {
			isa = XCConfigurationList;
			buildConfigurations = (
				360EAEFE2305D5AE00749525 /* Debug */,
				360EAEFF2305D5AE00749525 /* Release */,
			);
			defaultConfigurationIsVisible = 0;
			defaultConfigurationName = Release;
		};
/* End XCConfigurationList section */
	};
	rootObject = 360EAEBE2305D5AB00749525 /* Project object */;
}
